
Microsoft Visual Studio Solution File, Format Version 11.00
# Visual Studio 2010
Project("{FAE04EC0-301F-11D3-BF4B-00C04F79EFBC}") = "VitechDataVisualization", "Assembly-CSharp.csproj", "{F103F4A4-1644-D8DC-5023-16DF12DB4570}"
EndProject
Project("{FAE04EC0-301F-11D3-BF4B-00C04F79EFBC}") = "VitechDataVisualization", "Assembly-CSharp-Editor.csproj", "{C070EC92-8F1B-909E-9993-47FC5E52597A}"
EndProject
Global
	GlobalSection(SolutionConfigurationPlatforms) = preSolution
		Debug|Any CPU = Debug|Any CPU
		Release|Any CPU = Release|Any CPU
	EndGlobalSection
	GlobalSection(ProjectConfigurationPlatforms) = postSolution
		{F103F4A4-1644-D8DC-5023-16DF12DB4570}.Debug|Any CPU.ActiveCfg = Debug|Any CPU
		{F103F4A4-1644-D8DC-5023-16DF12DB4570}.Debug|Any CPU.Build.0 = Debug|Any CPU
		{F103F4A4-1644-D8DC-5023-16DF12DB4570}.Release|Any CPU.ActiveCfg = Release|Any CPU
		{F103F4A4-1644-D8DC-5023-16DF12DB4570}.Release|Any CPU.Build.0 = Release|Any CPU
		{C070EC92-8F1B-909E-9993-47FC5E52597A}.Debug|Any CPU.ActiveCfg = Debug|Any CPU
		{C070EC92-8F1B-909E-9993-47FC5E52597A}.Debug|Any CPU.Build.0 = Debug|Any CPU
		{C070EC92-8F1B-909E-9993-47FC5E52597A}.Release|Any CPU.ActiveCfg = Release|Any CPU
		{C070EC92-8F1B-909E-9993-47FC5E52597A}.Release|Any CPU.Build.0 = Release|Any CPU
	EndGlobalSection
	GlobalSection(SolutionProperties) = preSolution
		HideSolutionNode = FALSE
	EndGlobalSection
	GlobalSection(MonoDevelopProperties) = preSolution
		StartupItem = Assembly-CSharp.csproj
	EndGlobalSection
EndGlobal
